
Microsoft Visual Studio Solution File, Format Version 11.00
# Visual Studio 2010
Project("{F2A71F9B-5D33-465A-A702-920D77279786}") = "ShortestPath", "ShortestPath\ShortestPath.fsproj", "{C3B637A0-240F-46CD-85FB-9C451002F256}"
EndProject
Global
	GlobalSection(SolutionConfigurationPlatforms) = preSolution
		Debug|x86 = Debug|x86
		Release|x86 = Release|x86
	EndGlobalSection
	GlobalSection(ProjectConfigurationPlatforms) = postSolution
		{C3B637A0-240F-46CD-85FB-9C451002F256}.Debug|x86.ActiveCfg = Debug|x86
		{C3B637A0-240F-46CD-85FB-9C451002F256}.Debug|x86.Build.0 = Debug|x86
		{C3B637A0-240F-46CD-85FB-9C451002F256}.Release|x86.ActiveCfg = Release|x86
		{C3B637A0-240F-46CD-85FB-9C451002F256}.Release|x86.Build.0 = Release|x86
	EndGlobalSection
	GlobalSection(SolutionProperties) = preSolution
		HideSolutionNode = FALSE
	EndGlobalSection
EndGlobal
