
Microsoft Visual Studio Solution File, Format Version 12.00
# Visual Studio 2012
Project("{F2A71F9B-5D33-465A-A702-920D77279786}") = "Life", "Life\Life.fsproj", "{BAF4EFAD-8B13-47E0-AEE2-69C69B0BD869}"
EndProject
Global
	GlobalSection(SolutionConfigurationPlatforms) = preSolution
		Debug|Any CPU = Debug|Any CPU
		Release|Any CPU = Release|Any CPU
	EndGlobalSection
	GlobalSection(ProjectConfigurationPlatforms) = postSolution
		{BAF4EFAD-8B13-47E0-AEE2-69C69B0BD869}.Debug|Any CPU.ActiveCfg = Debug|Any CPU
		{BAF4EFAD-8B13-47E0-AEE2-69C69B0BD869}.Debug|Any CPU.Build.0 = Debug|Any CPU
		{BAF4EFAD-8B13-47E0-AEE2-69C69B0BD869}.Release|Any CPU.ActiveCfg = Release|Any CPU
		{BAF4EFAD-8B13-47E0-AEE2-69C69B0BD869}.Release|Any CPU.Build.0 = Release|Any CPU
	EndGlobalSection
	GlobalSection(SolutionProperties) = preSolution
		HideSolutionNode = FALSE
	EndGlobalSection
EndGlobal
