
Microsoft Visual Studio Solution File, Format Version 11.00
# Visual Studio 2010
Project("{FAE04EC0-301F-11D3-BF4B-00C04F79EFBC}") = "DecisionTree", "DecisionTree\DecisionTree.csproj", "{3BA479BE-304F-436F-A59F-3B266B55AE68}"
EndProject
Project("{FAE04EC0-301F-11D3-BF4B-00C04F79EFBC}") = "DecisionTree.Tests", "DecisionTree.Tests\DecisionTree.Tests.csproj", "{5BC460AD-7EEF-4384-9FFA-55D785864904}"
EndProject
Project("{FAE04EC0-301F-11D3-BF4B-00C04F79EFBC}") = "SampleDataParsers", "SampleDataParsers\SampleDataParsers.csproj", "{554D6CAA-D7DC-4DC5-9A18-88B3A57F8D61}"
EndProject
Global
	GlobalSection(SolutionConfigurationPlatforms) = preSolution
		Debug|Any CPU = Debug|Any CPU
		Release|Any CPU = Release|Any CPU
	EndGlobalSection
	GlobalSection(ProjectConfigurationPlatforms) = postSolution
		{3BA479BE-304F-436F-A59F-3B266B55AE68}.Debug|Any CPU.ActiveCfg = Debug|Any CPU
		{3BA479BE-304F-436F-A59F-3B266B55AE68}.Debug|Any CPU.Build.0 = Debug|Any CPU
		{3BA479BE-304F-436F-A59F-3B266B55AE68}.Release|Any CPU.ActiveCfg = Release|Any CPU
		{3BA479BE-304F-436F-A59F-3B266B55AE68}.Release|Any CPU.Build.0 = Release|Any CPU
		{5BC460AD-7EEF-4384-9FFA-55D785864904}.Debug|Any CPU.ActiveCfg = Debug|Any CPU
		{5BC460AD-7EEF-4384-9FFA-55D785864904}.Debug|Any CPU.Build.0 = Debug|Any CPU
		{5BC460AD-7EEF-4384-9FFA-55D785864904}.Release|Any CPU.ActiveCfg = Release|Any CPU
		{5BC460AD-7EEF-4384-9FFA-55D785864904}.Release|Any CPU.Build.0 = Release|Any CPU
		{554D6CAA-D7DC-4DC5-9A18-88B3A57F8D61}.Debug|Any CPU.ActiveCfg = Debug|Any CPU
		{554D6CAA-D7DC-4DC5-9A18-88B3A57F8D61}.Debug|Any CPU.Build.0 = Debug|Any CPU
		{554D6CAA-D7DC-4DC5-9A18-88B3A57F8D61}.Release|Any CPU.ActiveCfg = Release|Any CPU
		{554D6CAA-D7DC-4DC5-9A18-88B3A57F8D61}.Release|Any CPU.Build.0 = Release|Any CPU
	EndGlobalSection
	GlobalSection(SolutionProperties) = preSolution
		HideSolutionNode = FALSE
	EndGlobalSection
EndGlobal
