
Microsoft Visual Studio Solution File, Format Version 12.00
# Visual Studio 2012
Project("{FAE04EC0-301F-11D3-BF4B-00C04F79EFBC}") = "Sudoko", "Sudoko\Sudoko.csproj", "{405189A3-3F8F-4AA6-BB95-05DFE2C4FF61}"
EndProject
Global
	GlobalSection(SolutionConfigurationPlatforms) = preSolution
		Debug|Any CPU = Debug|Any CPU
		Release|Any CPU = Release|Any CPU
	EndGlobalSection
	GlobalSection(ProjectConfigurationPlatforms) = postSolution
		{405189A3-3F8F-4AA6-BB95-05DFE2C4FF61}.Debug|Any CPU.ActiveCfg = Debug|Any CPU
		{405189A3-3F8F-4AA6-BB95-05DFE2C4FF61}.Debug|Any CPU.Build.0 = Debug|Any CPU
		{405189A3-3F8F-4AA6-BB95-05DFE2C4FF61}.Release|Any CPU.ActiveCfg = Release|Any CPU
		{405189A3-3F8F-4AA6-BB95-05DFE2C4FF61}.Release|Any CPU.Build.0 = Release|Any CPU
	EndGlobalSection
	GlobalSection(SolutionProperties) = preSolution
		HideSolutionNode = FALSE
	EndGlobalSection
EndGlobal
